
Microsoft Visual Studio Solution File, Format Version 12.00
# Visual Studio 2012
Project("{FAE04EC0-301F-11D3-BF4B-00C04F79EFBC}") = "02HornetComm", "02HornetComm\02HornetComm.csproj", "{BC3A4E1A-BC53-4CB6-9980-A489C698CE20}"
EndProject
Project("{FAE04EC0-301F-11D3-BF4B-00C04F79EFBC}") = "03HornetAssault", "03HornetAssault\03HornetAssault.csproj", "{1DF23EBB-89F2-498C-9046-430532F92694}"
EndProject
Project("{FAE04EC0-301F-11D3-BF4B-00C04F79EFBC}") = "04HornetArmada", "04HornetArmada\04HornetArmada.csproj", "{23C007D8-CD79-4ABB-8546-C9147DBE5E45}"
EndProject
Project("{FAE04EC0-301F-11D3-BF4B-00C04F79EFBC}") = "temp", "temp\temp.csproj", "{07E67DB6-3F8F-4D87-92FD-2D335C24801D}"
EndProject
Global
	GlobalSection(SolutionConfigurationPlatforms) = preSolution
		Debug|Any CPU = Debug|Any CPU
		Release|Any CPU = Release|Any CPU
	EndGlobalSection
	GlobalSection(ProjectConfigurationPlatforms) = postSolution
		{BC3A4E1A-BC53-4CB6-9980-A489C698CE20}.Debug|Any CPU.ActiveCfg = Debug|Any CPU
		{BC3A4E1A-BC53-4CB6-9980-A489C698CE20}.Debug|Any CPU.Build.0 = Debug|Any CPU
		{BC3A4E1A-BC53-4CB6-9980-A489C698CE20}.Release|Any CPU.ActiveCfg = Release|Any CPU
		{BC3A4E1A-BC53-4CB6-9980-A489C698CE20}.Release|Any CPU.Build.0 = Release|Any CPU
		{1DF23EBB-89F2-498C-9046-430532F92694}.Debug|Any CPU.ActiveCfg = Debug|Any CPU
		{1DF23EBB-89F2-498C-9046-430532F92694}.Debug|Any CPU.Build.0 = Debug|Any CPU
		{1DF23EBB-89F2-498C-9046-430532F92694}.Release|Any CPU.ActiveCfg = Release|Any CPU
		{1DF23EBB-89F2-498C-9046-430532F92694}.Release|Any CPU.Build.0 = Release|Any CPU
		{23C007D8-CD79-4ABB-8546-C9147DBE5E45}.Debug|Any CPU.ActiveCfg = Debug|Any CPU
		{23C007D8-CD79-4ABB-8546-C9147DBE5E45}.Debug|Any CPU.Build.0 = Debug|Any CPU
		{23C007D8-CD79-4ABB-8546-C9147DBE5E45}.Release|Any CPU.ActiveCfg = Release|Any CPU
		{23C007D8-CD79-4ABB-8546-C9147DBE5E45}.Release|Any CPU.Build.0 = Release|Any CPU
		{07E67DB6-3F8F-4D87-92FD-2D335C24801D}.Debug|Any CPU.ActiveCfg = Debug|Any CPU
		{07E67DB6-3F8F-4D87-92FD-2D335C24801D}.Debug|Any CPU.Build.0 = Debug|Any CPU
		{07E67DB6-3F8F-4D87-92FD-2D335C24801D}.Release|Any CPU.ActiveCfg = Release|Any CPU
		{07E67DB6-3F8F-4D87-92FD-2D335C24801D}.Release|Any CPU.Build.0 = Release|Any CPU
	EndGlobalSection
EndGlobal
